
Microsoft Visual Studio Solution File, Format Version 12.00
# Visual Studio 14
VisualStudioVersion = 14.0.23107.0
MinimumVisualStudioVersion = 10.0.40219.1
Project("{FAE04EC0-301F-11D3-BF4B-00C04F79EFBC}") = "BandWorkout", "BandWorkout\BandWorkout.csproj", "{4ADF2252-5192-4051-A082-AAADA6CE320F}"
EndProject
Project("{FAE04EC0-301F-11D3-BF4B-00C04F79EFBC}") = "BandTileWorkout", "BandTileWorkout\BandTileWorkout.csproj", "{F91C3986-4F0C-487F-AD28-2951E9333A86}"
EndProject
Global
	GlobalSection(SolutionConfigurationPlatforms) = preSolution
		Debug|Any CPU = Debug|Any CPU
		Release|Any CPU = Release|Any CPU
	EndGlobalSection
	GlobalSection(ProjectConfigurationPlatforms) = postSolution
		{4ADF2252-5192-4051-A082-AAADA6CE320F}.Debug|Any CPU.ActiveCfg = Debug|Any CPU
		{4ADF2252-5192-4051-A082-AAADA6CE320F}.Debug|Any CPU.Build.0 = Debug|Any CPU
		{4ADF2252-5192-4051-A082-AAADA6CE320F}.Release|Any CPU.ActiveCfg = Release|Any CPU
		{4ADF2252-5192-4051-A082-AAADA6CE320F}.Release|Any CPU.Build.0 = Release|Any CPU
		{F91C3986-4F0C-487F-AD28-2951E9333A86}.Debug|Any CPU.ActiveCfg = Debug|Any CPU
		{F91C3986-4F0C-487F-AD28-2951E9333A86}.Debug|Any CPU.Build.0 = Debug|Any CPU
		{F91C3986-4F0C-487F-AD28-2951E9333A86}.Release|Any CPU.ActiveCfg = Release|Any CPU
		{F91C3986-4F0C-487F-AD28-2951E9333A86}.Release|Any CPU.Build.0 = Release|Any CPU
	EndGlobalSection
	GlobalSection(SolutionProperties) = preSolution
		HideSolutionNode = FALSE
	EndGlobalSection
EndGlobal
